
Microsoft Visual Studio Solution File, Format Version 12.00
# Visual Studio Version 16
VisualStudioVersion = 16.0.30114.105
MinimumVisualStudioVersion = 10.0.40219.1
Project("{FAE04EC0-301F-11D3-BF4B-00C04F79EFBC}") = "Sudoku_JR", "Sudoku_JR\Sudoku_JR.csproj", "{50417632-EE56-4573-843A-21CF18B3513F}"
EndProject
Global
	GlobalSection(SolutionConfigurationPlatforms) = preSolution
		Debug|Any CPU = Debug|Any CPU
		Release|Any CPU = Release|Any CPU
	EndGlobalSection
	GlobalSection(ProjectConfigurationPlatforms) = postSolution
		{50417632-EE56-4573-843A-21CF18B3513F}.Debug|Any CPU.ActiveCfg = Debug|Any CPU
		{50417632-EE56-4573-843A-21CF18B3513F}.Debug|Any CPU.Build.0 = Debug|Any CPU
		{50417632-EE56-4573-843A-21CF18B3513F}.Release|Any CPU.ActiveCfg = Release|Any CPU
		{50417632-EE56-4573-843A-21CF18B3513F}.Release|Any CPU.Build.0 = Release|Any CPU
	EndGlobalSection
	GlobalSection(SolutionProperties) = preSolution
		HideSolutionNode = FALSE
	EndGlobalSection
	GlobalSection(ExtensibilityGlobals) = postSolution
		SolutionGuid = {D0F4C6C0-589D-42E4-A114-8BADA5008ED0}
	EndGlobalSection
EndGlobal
